
Microsoft Visual Studio Solution File, Format Version 12.00
# Visual Studio Version 17
VisualStudioVersion = 17.10.35027.167
MinimumVisualStudioVersion = 10.0.40219.1
Project("{FAE04EC0-301F-11D3-BF4B-00C04F79EFBC}") = "Proj-ICFT", "Proj-ICFT\Proj-ICFT.csproj", "{0CDA38A0-49FC-414C-BAAF-0E1C1039645E}"
EndProject
Global
	GlobalSection(SolutionConfigurationPlatforms) = preSolution
		Debug|Any CPU = Debug|Any CPU
		Release|Any CPU = Release|Any CPU
	EndGlobalSection
	GlobalSection(ProjectConfigurationPlatforms) = postSolution
		{0CDA38A0-49FC-414C-BAAF-0E1C1039645E}.Debug|Any CPU.ActiveCfg = Debug|Any CPU
		{0CDA38A0-49FC-414C-BAAF-0E1C1039645E}.Debug|Any CPU.Build.0 = Debug|Any CPU
		{0CDA38A0-49FC-414C-BAAF-0E1C1039645E}.Release|Any CPU.ActiveCfg = Release|Any CPU
		{0CDA38A0-49FC-414C-BAAF-0E1C1039645E}.Release|Any CPU.Build.0 = Release|Any CPU
	EndGlobalSection
	GlobalSection(SolutionProperties) = preSolution
		HideSolutionNode = FALSE
	EndGlobalSection
	GlobalSection(ExtensibilityGlobals) = postSolution
		SolutionGuid = {D5FAD84B-CFC6-4458-AA42-7D76C1B781E2}
	EndGlobalSection
EndGlobal
